# plasmidBin manifest.lock — Resolved primal versions for this deployment
# Generated: 2026-03-29T00:00:00Z
# Source: local builds from primals/ and springs/

[meta]
generated = "2026-03-29T00:00:00Z"
registry_version = "3.0.0"
status = "full_ecosystem"
architectures = ["x86_64-linux", "aarch64-linux"]

# ── Foundation primals (NUCLEUS) ─────────────────────────────────────

[primals.beardog]
version = "0.9.0"
domain = "crypto"
tier = "genomeBin"
default_port = 9100
builds = ["x86_64-linux", "aarch64-linux"]

[primals.songbird]
version = "0.2.1"
domain = "discovery"
tier = "genomeBin"
default_port = 9200
builds = ["x86_64-linux", "aarch64-linux"]

[primals.nestgate]
version = "2.1.0"
domain = "storage"
tier = "genomeBin"
default_port = 9300
builds = ["x86_64-linux", "aarch64-linux"]

[primals.toadstool]
version = "0.1.0"
domain = "compute"
tier = "genomeBin"
default_port = 9400
builds = ["x86_64-linux", "aarch64-linux"]

[primals.squirrel]
version = "0.1.0"
domain = "ai"
tier = "genomeBin"
default_port = 9500
builds = ["x86_64-linux", "aarch64-linux"]

[primals.petaltongue]
version = "1.6.6"
domain = "visualization"
tier = "genomeBin"
default_port = 9600
builds = ["x86_64-linux", "aarch64-linux"]

[primals.biomeos]
version = "0.1.0"
domain = "orchestration"
tier = "genomeBin"
default_port = 9800
builds = ["x86_64-linux"]

# ── Post-NUCLEUS primals ─────────────────────────────────────────────

[primals.rhizocrypt]
version = "0.14.0-dev"
domain = "dag"
tier = "genomeBin"
default_port = 9700
builds = ["x86_64-linux", "aarch64-linux"]

[primals.loamspine]
version = "0.9.13"
domain = "lineage"
tier = "genomeBin"
default_port = 9710
builds = ["x86_64-linux", "aarch64-linux"]

[primals.sweetgrass]
version = "0.7.27"
domain = "provenance"
tier = "genomeBin"
default_port = 9720
builds = ["x86_64-linux", "aarch64-linux"]

[primals.coralreef]
version = "0.1.0"
domain = "shaders"
tier = "genomeBin"
default_port = 9730
builds = ["x86_64-linux"]

# ── Springs (science validation primals) ─────────────────────────────

[springs.ludospring]
version = "0.7.0"
domain = "game"
tier = "ecoBin"
default_port = 9650

[springs.groundspring]
version = "0.7.0"
domain = "measurement"
tier = "ecoBin"
default_port = 9850

[springs.healthspring]
version = "0.7.0"
domain = "health"
tier = "ecoBin"
default_port = 9860
binary = "healthspring_primal"

[springs.neuralspring]
version = "0.7.0"
domain = "ml"
tier = "ecoBin"
default_port = 9870

[springs.wetspring]
version = "0.7.0"
domain = "metagenomics"
tier = "ecoBin"
default_port = 9880

[springs.primalspring]
version = "0.7.0"
domain = "coordination"
tier = "ecoBin"
default_port = 9890
binary = "primalspring_primal"

# ── Compositions ─────────────────────────────────────────────────────

[compositions.tower]
primals = ["beardog", "songbird"]

[compositions.compute]
primals = ["beardog", "songbird", "toadstool"]

[compositions.node]
primals = ["beardog", "songbird", "toadstool", "squirrel"]

[compositions.nest]
primals = ["beardog", "songbird", "nestgate"]

[compositions.full]
primals = ["beardog", "songbird", "nestgate", "toadstool", "squirrel", "biomeos", "petaltongue"]

[compositions.storytelling]
primals = ["beardog", "songbird", "biomeos", "squirrel", "petaltongue", "ludospring"]

[compositions.provenance]
primals = ["beardog", "songbird", "rhizocrypt", "loamspine", "sweetgrass"]

[compositions.science]
primals = ["beardog", "songbird", "toadstool", "squirrel", "biomeos"]
